
Microsoft Visual Studio Solution File, Format Version 12.00
# Visual Studio Version 17
VisualStudioVersion = 17.11.35222.181
MinimumVisualStudioVersion = 10.0.40219.1
Project("{9A19103F-16F7-4668-BE54-9A1E7A4F7556}") = "ActivityLoggerApp", "AppConfiguracionUnica\ActivityLoggerApp.csproj", "{BDD2A994-8304-4A15-A09A-E5A2849172F7}"
EndProject
Global
	GlobalSection(SolutionConfigurationPlatforms) = preSolution
		Debug|Any CPU = Debug|Any CPU
		Release|Any CPU = Release|Any CPU
	EndGlobalSection
	GlobalSection(ProjectConfigurationPlatforms) = postSolution
		{BDD2A994-8304-4A15-A09A-E5A2849172F7}.Debug|Any CPU.ActiveCfg = Debug|Any CPU
		{BDD2A994-8304-4A15-A09A-E5A2849172F7}.Debug|Any CPU.Build.0 = Debug|Any CPU
		{BDD2A994-8304-4A15-A09A-E5A2849172F7}.Release|Any CPU.ActiveCfg = Release|Any CPU
		{BDD2A994-8304-4A15-A09A-E5A2849172F7}.Release|Any CPU.Build.0 = Release|Any CPU
	EndGlobalSection
	GlobalSection(SolutionProperties) = preSolution
		HideSolutionNode = FALSE
	EndGlobalSection
	GlobalSection(ExtensibilityGlobals) = postSolution
		SolutionGuid = {C51FD2F7-B4E3-4843-B7E9-6D20BD7290FF}
	EndGlobalSection
EndGlobal
