
Microsoft Visual Studio Solution File, Format Version 12.00
# Visual Studio Version 17
VisualStudioVersion = 17.11.35222.181
MinimumVisualStudioVersion = 10.0.40219.1
Project("{FAE04EC0-301F-11D3-BF4B-00C04F79EFBC}") = "GestorPagosFactory", "GestorPagosFactory\GestorPagosFactory.csproj", "{163762F2-8283-4B35-B7D8-F8CD6C00360A}"
EndProject
Global
	GlobalSection(SolutionConfigurationPlatforms) = preSolution
		Debug|Any CPU = Debug|Any CPU
		Release|Any CPU = Release|Any CPU
	EndGlobalSection
	GlobalSection(ProjectConfigurationPlatforms) = postSolution
		{163762F2-8283-4B35-B7D8-F8CD6C00360A}.Debug|Any CPU.ActiveCfg = Debug|Any CPU
		{163762F2-8283-4B35-B7D8-F8CD6C00360A}.Debug|Any CPU.Build.0 = Debug|Any CPU
		{163762F2-8283-4B35-B7D8-F8CD6C00360A}.Release|Any CPU.ActiveCfg = Release|Any CPU
		{163762F2-8283-4B35-B7D8-F8CD6C00360A}.Release|Any CPU.Build.0 = Release|Any CPU
	EndGlobalSection
	GlobalSection(SolutionProperties) = preSolution
		HideSolutionNode = FALSE
	EndGlobalSection
	GlobalSection(ExtensibilityGlobals) = postSolution
		SolutionGuid = {2BAFB81F-77D3-49EC-87BE-F2223054CF69}
	EndGlobalSection
EndGlobal
